{
	"name": "serialize-query-params",
	"version": "1.3.4",
	"lockfileVersion": 1,
	"requires": true,
	"dependencies": {
		"@types/node": {
			"version": "15.0.1",
			"resolved": "https://registry.npmjs.org/@types/node/-/node-15.0.1.tgz",
			"integrity": "sha512-TMkXt0Ck1y0KKsGr9gJtWGjttxlZnnvDtphxUOSd0bfaR6Q1jle+sPvrzNR1urqYTWMinoKvjKfXUGsumaO1PA==",
			"dev": true
		}
	}
}
